// !$*UTF8*$!
{
	archiveVersion = 1;
	classes = {
	};
	objectVersion = 46;
	objects = {

/* Begin PBXBuildFile section */
		071CD2622228544700E6D385 /* FontExtension.swift in Sources */ = {isa = PBXBuildFile; fileRef = 071CD2612228544700E6D385 /* FontExtension.swift */; };
		07741D72218CDED600DB3B97 /* FirstViewModel.swift in Sources */ = {isa = PBXBuildFile; fileRef = 07741D71218CDED600DB3B97 /* FirstViewModel.swift */; };
		0A6990351F9F82A300F4BAC7 /* UIApplicationExtension.swift in Sources */ = {isa = PBXBuildFile; fileRef = 0A6990341F9F82A300F4BAC7 /* UIApplicationExtension.swift */; };
		0ABFB8901FA366D90098F751 /* Main.storyboard in Resources */ = {isa = PBXBuildFile; fileRef = 0ABFB8921FA366D90098F751 /* Main.storyboard */; };
		81110A2822C569C100582F02 /* TargetFormViewModel.swift in Sources */ = {isa = PBXBuildFile; fileRef = 81110A2722C569C100582F02 /* TargetFormViewModel.swift */; };
		81110A2A22CA804F00582F02 /* UIButtonExtension.swift in Sources */ = {isa = PBXBuildFile; fileRef = 81110A2922CA804F00582F02 /* UIButtonExtension.swift */; };
		81110A2C22CA951700582F02 /* Topic.swift in Sources */ = {isa = PBXBuildFile; fileRef = 81110A2B22CA951700582F02 /* Topic.swift */; };
		81110A3022CAA1EB00582F02 /* TopicAPI.swift in Sources */ = {isa = PBXBuildFile; fileRef = 81110A2F22CAA1EB00582F02 /* TopicAPI.swift */; };
		81110A3222CAA9D800582F02 /* TopicsViewController.swift in Sources */ = {isa = PBXBuildFile; fileRef = 81110A3122CAA9D800582F02 /* TopicsViewController.swift */; };
		81110A3422CBA7C200582F02 /* TopicsViewModel.swift in Sources */ = {isa = PBXBuildFile; fileRef = 81110A3322CBA7C200582F02 /* TopicsViewModel.swift */; };
		81110A3922CBD53C00582F02 /* TopicsCollectionViewCell.swift in Sources */ = {isa = PBXBuildFile; fileRef = 81110A3722CBD53C00582F02 /* TopicsCollectionViewCell.swift */; };
		81110A3A22CBD53C00582F02 /* TopicsCollectionViewCell.xib in Resources */ = {isa = PBXBuildFile; fileRef = 81110A3822CBD53C00582F02 /* TopicsCollectionViewCell.xib */; };
		811A4D1622DE69720025156F /* ChatListTableViewCell.swift in Sources */ = {isa = PBXBuildFile; fileRef = 811A4D1422DE69720025156F /* ChatListTableViewCell.swift */; };
		811A4D1722DE69720025156F /* ChatListTableViewCell.xib in Resources */ = {isa = PBXBuildFile; fileRef = 811A4D1522DE69720025156F /* ChatListTableViewCell.xib */; };
		811A4D1A22DE69C00025156F /* ChatListViewModel.swift in Sources */ = {isa = PBXBuildFile; fileRef = 811A4D1922DE69C00025156F /* ChatListViewModel.swift */; };
		811A4D1C22DF5A990025156F /* MatchConversationsAPI.swift in Sources */ = {isa = PBXBuildFile; fileRef = 811A4D1B22DF5A990025156F /* MatchConversationsAPI.swift */; };
		8151D79222BD235400F7C7DF /* TargetAnnotation.swift in Sources */ = {isa = PBXBuildFile; fileRef = 8151D79122BD235400F7C7DF /* TargetAnnotation.swift */; };
		8151D79422C173CE00F7C7DF /* TargetAnnotationView.swift in Sources */ = {isa = PBXBuildFile; fileRef = 8151D79322C173CE00F7C7DF /* TargetAnnotationView.swift */; };
		8151D79622C246B600F7C7DF /* TargetCircle.swift in Sources */ = {isa = PBXBuildFile; fileRef = 8151D79522C246B600F7C7DF /* TargetCircle.swift */; };
		8151D79822C2782B00F7C7DF /* UIColorExtension.swift in Sources */ = {isa = PBXBuildFile; fileRef = 8151D79722C2782B00F7C7DF /* UIColorExtension.swift */; };
		8151D79C22C3AA2400F7C7DF /* TargetFormViewController.swift in Sources */ = {isa = PBXBuildFile; fileRef = 8151D79B22C3AA2400F7C7DF /* TargetFormViewController.swift */; };
		8158078222DF74BB009F07A4 /* MatchListItem.swift in Sources */ = {isa = PBXBuildFile; fileRef = 8158078122DF74BB009F07A4 /* MatchListItem.swift */; };
		815B4B9822DE64F70052B149 /* ChatListViewController.swift in Sources */ = {isa = PBXBuildFile; fileRef = 815B4B9722DE64F70052B149 /* ChatListViewController.swift */; };
		816A972022CD253C001F92DA /* MatchNotificationViewController.swift in Sources */ = {isa = PBXBuildFile; fileRef = 816A971F22CD253C001F92DA /* MatchNotificationViewController.swift */; };
		816A972222CE3E04001F92DA /* MatchNotificationViewModel.swift in Sources */ = {isa = PBXBuildFile; fileRef = 816A972122CE3E04001F92DA /* MatchNotificationViewModel.swift */; };
		816A972422CE46FF001F92DA /* UIImageViewExtension.swift in Sources */ = {isa = PBXBuildFile; fileRef = 816A972322CE46FF001F92DA /* UIImageViewExtension.swift */; };
		816A974022D6506F001F92DA /* ProfileViewController.swift in Sources */ = {isa = PBXBuildFile; fileRef = 816A973F22D6506E001F92DA /* ProfileViewController.swift */; };
		816A974222D6507F001F92DA /* ProfileViewModel.swift in Sources */ = {isa = PBXBuildFile; fileRef = 816A974122D6507F001F92DA /* ProfileViewModel.swift */; };
		816A974422D666A9001F92DA /* UIStoryboardSegueFromLeftToRight.swift in Sources */ = {isa = PBXBuildFile; fileRef = 816A974322D666A9001F92DA /* UIStoryboardSegueFromLeftToRight.swift */; };
		8179D4D422B81FC100CAD8F4 /* ModalViewController.swift in Sources */ = {isa = PBXBuildFile; fileRef = 8179D4D322B81FC100CAD8F4 /* ModalViewController.swift */; };
		8179D4D622B9515F00CAD8F4 /* LocationManager.swift in Sources */ = {isa = PBXBuildFile; fileRef = 8179D4D522B9515F00CAD8F4 /* LocationManager.swift */; };
		81CED41822DCD352008939E1 /* Avatar.swift in Sources */ = {isa = PBXBuildFile; fileRef = 81CED41722DCD352008939E1 /* Avatar.swift */; };
		81CED41922DCE09D008939E1 /* User.swift in Sources */ = {isa = PBXBuildFile; fileRef = 9B77E0721E2FB6350020E450 /* User.swift */; };
		81D0D96222CFBEA600CE5FE4 /* Match.swift in Sources */ = {isa = PBXBuildFile; fileRef = 81D0D96122CFBEA600CE5FE4 /* Match.swift */; };
		81D0D96422CFC7D500CE5FE4 /* MatchConversation.swift in Sources */ = {isa = PBXBuildFile; fileRef = 81D0D96322CFC7D500CE5FE4 /* MatchConversation.swift */; };
		81EF2F4622B034E8006254E7 /* UILabelExtension.swift in Sources */ = {isa = PBXBuildFile; fileRef = 81EF2F4522B034E8006254E7 /* UILabelExtension.swift */; };
		81EF2F4822B14BCD006254E7 /* UITextFieldPadding.swift in Sources */ = {isa = PBXBuildFile; fileRef = 81EF2F4722B14BCD006254E7 /* UITextFieldPadding.swift */; };
		81EF2F4A22B177C1006254E7 /* TargetAPI.swift in Sources */ = {isa = PBXBuildFile; fileRef = 81EF2F4922B177C1006254E7 /* TargetAPI.swift */; };
		81EF2F4C22B17836006254E7 /* Target.swift in Sources */ = {isa = PBXBuildFile; fileRef = 81EF2F4B22B17836006254E7 /* Target.swift */; };
		9B0C72711C738D3400BAF3B1 /* AppDelegate.swift in Sources */ = {isa = PBXBuildFile; fileRef = 9B0C72691C738D3400BAF3B1 /* AppDelegate.swift */; };
		9B0C72721C738D3400BAF3B1 /* Assets.xcassets in Resources */ = {isa = PBXBuildFile; fileRef = 9B0C726A1C738D3400BAF3B1 /* Assets.xcassets */; };
		9B0C72741C738D3400BAF3B1 /* APIClient.swift in Sources */ = {isa = PBXBuildFile; fileRef = 9B0C726C1C738D3400BAF3B1 /* APIClient.swift */; };
		9B0C72761C738D3400BAF3B1 /* UserAPI.swift in Sources */ = {isa = PBXBuildFile; fileRef = 9B0C726E1C738D3400BAF3B1 /* UserAPI.swift */; };
		9B2BF7381EBB9B21001638C4 /* SignInSuccessfully.json in Resources */ = {isa = PBXBuildFile; fileRef = 9B2BF7371EBB9B21001638C4 /* SignInSuccessfully.json */; };
		9B2BF73A1EBB9B45001638C4 /* SignUpSuccessfully.json in Resources */ = {isa = PBXBuildFile; fileRef = 9B2BF7391EBB9B45001638C4 /* SignUpSuccessfully.json */; };
		9B2BF73C1EBBA30B001638C4 /* KIFExtensions.swift in Sources */ = {isa = PBXBuildFile; fileRef = 9B2BF73B1EBBA30B001638C4 /* KIFExtensions.swift */; };
		9B3AA3991ED35007005A4D26 /* SignInViewController.swift in Sources */ = {isa = PBXBuildFile; fileRef = 9B3AA3981ED35007005A4D26 /* SignInViewController.swift */; };
		9B3AA39B1ED35013005A4D26 /* SignUpViewController.swift in Sources */ = {isa = PBXBuildFile; fileRef = 9B3AA39A1ED35013005A4D26 /* SignUpViewController.swift */; };
		9B3AA3A11ED4D014005A4D26 /* HomeViewController.swift in Sources */ = {isa = PBXBuildFile; fileRef = 9B3AA3A01ED4D014005A4D26 /* HomeViewController.swift */; };
		9B715A461E28083600C0C039 /* PlaceholderTextView.swift in Sources */ = {isa = PBXBuildFile; fileRef = 9B715A451E28083600C0C039 /* PlaceholderTextView.swift */; };
		9B71D6A020976E6800DCBBBD /* Constants.swift in Sources */ = {isa = PBXBuildFile; fileRef = 9B71D69F20976E6800DCBBBD /* Constants.swift */; };
		9B766D332092536000A28FFA /* LogoutSuccess.json in Resources */ = {isa = PBXBuildFile; fileRef = 9B766D322092536000A28FFA /* LogoutSuccess.json */; };
		9B766D362092542700A28FFA /* Unauthorized.json in Resources */ = {isa = PBXBuildFile; fileRef = 9B766D352092542700A28FFA /* Unauthorized.json */; };
		9B77E0731E2FB6350020E450 /* User.swift in Sources */ = {isa = PBXBuildFile; fileRef = 9B77E0721E2FB6350020E450 /* User.swift */; };
		9B77E0751E2FB66F0020E450 /* UserDataManager.swift in Sources */ = {isa = PBXBuildFile; fileRef = 9B77E0741E2FB66F0020E450 /* UserDataManager.swift */; };
		9B77E0791E2FCF710020E450 /* Media.swift in Sources */ = {isa = PBXBuildFile; fileRef = 9B77E0781E2FCF710020E450 /* Media.swift */; };
		9B8574D7212C81950063A3E2 /* SignUpViewModel.swift in Sources */ = {isa = PBXBuildFile; fileRef = 9B8574D6212C81950063A3E2 /* SignUpViewModel.swift */; };
		9B8574D9212C84130063A3E2 /* UIImageExtension.swift in Sources */ = {isa = PBXBuildFile; fileRef = 9B8574D8212C84130063A3E2 /* UIImageExtension.swift */; };
		9B88CC671CAB305900AE60C5 /* Constants.swift in Sources */ = {isa = PBXBuildFile; fileRef = 9B88CC661CAB305900AE60C5 /* Constants.swift */; };
		9B8D306B20AB456C0050697F /* Localization.strings in Resources */ = {isa = PBXBuildFile; fileRef = 9B8D306D20AB456C0050697F /* Localization.strings */; };
		9B8D307020AB47E90050697F /* JSONEncodingExtension.swift in Sources */ = {isa = PBXBuildFile; fileRef = 9B8D306F20AB47E90050697F /* JSONEncodingExtension.swift */; };
		9B90C3A61ECB4A8A00FBE2FB /* LogoutTests.swift in Sources */ = {isa = PBXBuildFile; fileRef = 9B90C3A31ECB4A8A00FBE2FB /* LogoutTests.swift */; };
		9B90C3A71ECB4A8A00FBE2FB /* SignInTests.swift in Sources */ = {isa = PBXBuildFile; fileRef = 9B90C3A41ECB4A8A00FBE2FB /* SignInTests.swift */; };
		9B90C3A81ECB4A8A00FBE2FB /* SignUpTests.swift in Sources */ = {isa = PBXBuildFile; fileRef = 9B90C3A51ECB4A8A00FBE2FB /* SignUpTests.swift */; };
		9B9C6BFE20C7160700EB0523 /* README.md in Resources */ = {isa = PBXBuildFile; fileRef = 9B9C6BFD20C7160700EB0523 /* README.md */; };
		9BAFB7BF2114D9910099DC61 /* HomeViewModel.swift in Sources */ = {isa = PBXBuildFile; fileRef = 9BAFB7BE2114D9910099DC61 /* HomeViewModel.swift */; };
		9BAFB7C32114E3CD0099DC61 /* SignInViewModel.swift in Sources */ = {isa = PBXBuildFile; fileRef = 9BAFB7C22114E3CD0099DC61 /* SignInViewModel.swift */; };
		9BD01E361F01641E007255E3 /* DictionaryExtension.swift in Sources */ = {isa = PBXBuildFile; fileRef = 9BD01E351F01641E007255E3 /* DictionaryExtension.swift */; };
		9BD409101CE9F19E005223C9 /* UIHelper.swift in Sources */ = {isa = PBXBuildFile; fileRef = 9BD4090F1CE9F19E005223C9 /* UIHelper.swift */; };
		9BE3669D1F101737007CAECD /* MultipartMedia.swift in Sources */ = {isa = PBXBuildFile; fileRef = 9BE3669C1F101736007CAECD /* MultipartMedia.swift */; };
		9BE3669F1F10175E007CAECD /* Base64Media.swift in Sources */ = {isa = PBXBuildFile; fileRef = 9BE3669E1F10175E007CAECD /* Base64Media.swift */; };
		9BFA84F31C776827009F64E4 /* LaunchScreen.storyboard in Resources */ = {isa = PBXBuildFile; fileRef = 9BFA84F21C776827009F64E4 /* LaunchScreen.storyboard */; };
		CC41422F88D94ED796ABD9CF /* Pods_ios_target.framework in Frameworks */ = {isa = PBXBuildFile; fileRef = 5ED1BAF29FEA2BD0007ACC37 /* Pods_ios_target.framework */; };
		E81171921DE5EFB7003D3DF5 /* UIViewControllerExtension.swift in Sources */ = {isa = PBXBuildFile; fileRef = E81171911DE5EFB7003D3DF5 /* UIViewControllerExtension.swift */; };
		E8290BFE1D832D9200599960 /* UIViewExtension.swift in Sources */ = {isa = PBXBuildFile; fileRef = E8290BFD1D832D9200599960 /* UIViewExtension.swift */; };
		E8290C021D8330A800599960 /* StringExtension.swift in Sources */ = {isa = PBXBuildFile; fileRef = E8290C011D8330A800599960 /* StringExtension.swift */; };
		E8B30E021E72FF8000131DCF /* UIStoryboardExtension.swift in Sources */ = {isa = PBXBuildFile; fileRef = E8B30E011E72FF8000131DCF /* UIStoryboardExtension.swift */; };
		E8FBB1BF1DD21A32000D6740 /* Session.swift in Sources */ = {isa = PBXBuildFile; fileRef = E8FBB1BE1DD21A32000D6740 /* Session.swift */; };
		E8FBB1C11DD21D18000D6740 /* SessionManager.swift in Sources */ = {isa = PBXBuildFile; fileRef = E8FBB1C01DD21D18000D6740 /* SessionManager.swift */; };
		FA54D5881E11C59600F0DBEA /* FirstViewController.swift in Sources */ = {isa = PBXBuildFile; fileRef = FA54D5871E11C59600F0DBEA /* FirstViewController.swift */; };
		FABDC9221EE1EB2B000DDAC3 /* ConfigurationManager.swift in Sources */ = {isa = PBXBuildFile; fileRef = FABDC9211EE1EB2B000DDAC3 /* ConfigurationManager.swift */; };
		FC82466F6EA60A0E8254DFC9 /* Pods_AcceptanceTests.framework in Frameworks */ = {isa = PBXBuildFile; fileRef = 783CAC1B5DBFF798271373E1 /* Pods_AcceptanceTests.framework */; };
/* End PBXBuildFile section */

/* Begin PBXContainerItemProxy section */
		9B2BF72E1EBB9AB5001638C4 /* PBXContainerItemProxy */ = {
			isa = PBXContainerItemProxy;
			containerPortal = 9B5AFAD21C7205EB002347D6 /* Project object */;
			proxyType = 1;
			remoteGlobalIDString = 9B5AFAD91C7205EB002347D6;
			remoteInfo = "ios-target";
		};
/* End PBXContainerItemProxy section */

/* Begin PBXFileReference section */
		071CD2612228544700E6D385 /* FontExtension.swift */ = {isa = PBXFileReference; lastKnownFileType = sourcecode.swift; path = FontExtension.swift; sourceTree = "<group>"; };
		07741D71218CDED600DB3B97 /* FirstViewModel.swift */ = {isa = PBXFileReference; lastKnownFileType = sourcecode.swift; path = FirstViewModel.swift; sourceTree = "<group>"; };
		0A6990341F9F82A300F4BAC7 /* UIApplicationExtension.swift */ = {isa = PBXFileReference; lastKnownFileType = sourcecode.swift; path = UIApplicationExtension.swift; sourceTree = "<group>"; };
		0ABFB8911FA366D90098F751 /* Base */ = {isa = PBXFileReference; lastKnownFileType = file.storyboard; name = Base; path = Base.lproj/Main.storyboard; sourceTree = "<group>"; };
		0ABFB8941FA366EA0098F751 /* en */ = {isa = PBXFileReference; lastKnownFileType = text.plist.strings; name = en; path = en.lproj/Main.strings; sourceTree = "<group>"; };
		0ABFB8961FA366EC0098F751 /* es */ = {isa = PBXFileReference; lastKnownFileType = text.plist.strings; name = es; path = es.lproj/Main.strings; sourceTree = "<group>"; };
		3DBAD6B12995F8B16995DDCF /* Pods-AcceptanceTests.staging.xcconfig */ = {isa = PBXFileReference; includeInIndex = 1; lastKnownFileType = text.xcconfig; name = "Pods-AcceptanceTests.staging.xcconfig"; path = "Pods/Target Support Files/Pods-AcceptanceTests/Pods-AcceptanceTests.staging.xcconfig"; sourceTree = "<group>"; };
		5BE0158A80D21C99EB6BAEBB /* Pods-AcceptanceTests.release.xcconfig */ = {isa = PBXFileReference; includeInIndex = 1; lastKnownFileType = text.xcconfig; name = "Pods-AcceptanceTests.release.xcconfig"; path = "Pods/Target Support Files/Pods-AcceptanceTests/Pods-AcceptanceTests.release.xcconfig"; sourceTree = "<group>"; };
		5ED1BAF29FEA2BD0007ACC37 /* Pods_ios_target.framework */ = {isa = PBXFileReference; explicitFileType = wrapper.framework; includeInIndex = 0; path = Pods_ios_target.framework; sourceTree = BUILT_PRODUCTS_DIR; };
		783CAC1B5DBFF798271373E1 /* Pods_AcceptanceTests.framework */ = {isa = PBXFileReference; explicitFileType = wrapper.framework; includeInIndex = 0; path = Pods_AcceptanceTests.framework; sourceTree = BUILT_PRODUCTS_DIR; };
		81110A2722C569C100582F02 /* TargetFormViewModel.swift */ = {isa = PBXFileReference; lastKnownFileType = sourcecode.swift; path = TargetFormViewModel.swift; sourceTree = "<group>"; };
		81110A2922CA804F00582F02 /* UIButtonExtension.swift */ = {isa = PBXFileReference; lastKnownFileType = sourcecode.swift; path = UIButtonExtension.swift; sourceTree = "<group>"; };
		81110A2B22CA951700582F02 /* Topic.swift */ = {isa = PBXFileReference; lastKnownFileType = sourcecode.swift; path = Topic.swift; sourceTree = "<group>"; };
		81110A2F22CAA1EB00582F02 /* TopicAPI.swift */ = {isa = PBXFileReference; lastKnownFileType = sourcecode.swift; path = TopicAPI.swift; sourceTree = "<group>"; };
		81110A3122CAA9D800582F02 /* TopicsViewController.swift */ = {isa = PBXFileReference; lastKnownFileType = sourcecode.swift; path = TopicsViewController.swift; sourceTree = "<group>"; };
		81110A3322CBA7C200582F02 /* TopicsViewModel.swift */ = {isa = PBXFileReference; lastKnownFileType = sourcecode.swift; path = TopicsViewModel.swift; sourceTree = "<group>"; };
		81110A3722CBD53C00582F02 /* TopicsCollectionViewCell.swift */ = {isa = PBXFileReference; lastKnownFileType = sourcecode.swift; path = TopicsCollectionViewCell.swift; sourceTree = "<group>"; };
		81110A3822CBD53C00582F02 /* TopicsCollectionViewCell.xib */ = {isa = PBXFileReference; lastKnownFileType = file.xib; path = TopicsCollectionViewCell.xib; sourceTree = "<group>"; };
		811A4D1422DE69720025156F /* ChatListTableViewCell.swift */ = {isa = PBXFileReference; lastKnownFileType = sourcecode.swift; path = ChatListTableViewCell.swift; sourceTree = "<group>"; };
		811A4D1522DE69720025156F /* ChatListTableViewCell.xib */ = {isa = PBXFileReference; lastKnownFileType = file.xib; path = ChatListTableViewCell.xib; sourceTree = "<group>"; };
		811A4D1922DE69C00025156F /* ChatListViewModel.swift */ = {isa = PBXFileReference; lastKnownFileType = sourcecode.swift; path = ChatListViewModel.swift; sourceTree = "<group>"; };
		811A4D1B22DF5A990025156F /* MatchConversationsAPI.swift */ = {isa = PBXFileReference; lastKnownFileType = sourcecode.swift; path = MatchConversationsAPI.swift; sourceTree = "<group>"; };
		8151D79122BD235400F7C7DF /* TargetAnnotation.swift */ = {isa = PBXFileReference; lastKnownFileType = sourcecode.swift; path = TargetAnnotation.swift; sourceTree = "<group>"; };
		8151D79322C173CE00F7C7DF /* TargetAnnotationView.swift */ = {isa = PBXFileReference; lastKnownFileType = sourcecode.swift; path = TargetAnnotationView.swift; sourceTree = "<group>"; };
		8151D79522C246B600F7C7DF /* TargetCircle.swift */ = {isa = PBXFileReference; lastKnownFileType = sourcecode.swift; path = TargetCircle.swift; sourceTree = "<group>"; };
		8151D79722C2782B00F7C7DF /* UIColorExtension.swift */ = {isa = PBXFileReference; lastKnownFileType = sourcecode.swift; path = UIColorExtension.swift; sourceTree = "<group>"; };
		8151D79B22C3AA2400F7C7DF /* TargetFormViewController.swift */ = {isa = PBXFileReference; lastKnownFileType = sourcecode.swift; path = TargetFormViewController.swift; sourceTree = "<group>"; };
		8158078122DF74BB009F07A4 /* MatchListItem.swift */ = {isa = PBXFileReference; lastKnownFileType = sourcecode.swift; path = MatchListItem.swift; sourceTree = "<group>"; };
		815B4B9722DE64F70052B149 /* ChatListViewController.swift */ = {isa = PBXFileReference; lastKnownFileType = sourcecode.swift; path = ChatListViewController.swift; sourceTree = "<group>"; };
		815DA6C522D8CD450026BB9F /* OpenSans-Italic.ttf */ = {isa = PBXFileReference; lastKnownFileType = file; path = "OpenSans-Italic.ttf"; sourceTree = "<group>"; };
		815DA6C622D8CD450026BB9F /* OpenSans-Light.ttf */ = {isa = PBXFileReference; lastKnownFileType = file; path = "OpenSans-Light.ttf"; sourceTree = "<group>"; };
		815DA6C722D8CD450026BB9F /* OpenSans-BoldItalic.ttf */ = {isa = PBXFileReference; lastKnownFileType = file; path = "OpenSans-BoldItalic.ttf"; sourceTree = "<group>"; };
		815DA6C822D8CD450026BB9F /* OpenSans-ExtraBold.ttf */ = {isa = PBXFileReference; lastKnownFileType = file; path = "OpenSans-ExtraBold.ttf"; sourceTree = "<group>"; };
		815DA6C922D8CD450026BB9F /* OpenSans-Regular.ttf */ = {isa = PBXFileReference; lastKnownFileType = file; path = "OpenSans-Regular.ttf"; sourceTree = "<group>"; };
		815DA6CA22D8CD450026BB9F /* OpenSans-Semibold.ttf */ = {isa = PBXFileReference; lastKnownFileType = file; path = "OpenSans-Semibold.ttf"; sourceTree = "<group>"; };
		815DA6CB22D8CD450026BB9F /* OpenSans-ExtraBoldItalic.ttf */ = {isa = PBXFileReference; lastKnownFileType = file; path = "OpenSans-ExtraBoldItalic.ttf"; sourceTree = "<group>"; };
		815DA6CC22D8CD450026BB9F /* OpenSans-SemiboldItalic.ttf */ = {isa = PBXFileReference; lastKnownFileType = file; path = "OpenSans-SemiboldItalic.ttf"; sourceTree = "<group>"; };
		815DA6CD22D8CD450026BB9F /* OpenSans-Bold.ttf */ = {isa = PBXFileReference; lastKnownFileType = file; path = "OpenSans-Bold.ttf"; sourceTree = "<group>"; };
		815DA6CE22D8CD450026BB9F /* OpenSans-LightItalic.ttf */ = {isa = PBXFileReference; lastKnownFileType = file; path = "OpenSans-LightItalic.ttf"; sourceTree = "<group>"; };
		816A971F22CD253C001F92DA /* MatchNotificationViewController.swift */ = {isa = PBXFileReference; lastKnownFileType = sourcecode.swift; path = MatchNotificationViewController.swift; sourceTree = "<group>"; };
		816A972122CE3E04001F92DA /* MatchNotificationViewModel.swift */ = {isa = PBXFileReference; lastKnownFileType = sourcecode.swift; path = MatchNotificationViewModel.swift; sourceTree = "<group>"; };
		816A972322CE46FF001F92DA /* UIImageViewExtension.swift */ = {isa = PBXFileReference; lastKnownFileType = sourcecode.swift; path = UIImageViewExtension.swift; sourceTree = "<group>"; };
		816A973F22D6506E001F92DA /* ProfileViewController.swift */ = {isa = PBXFileReference; fileEncoding = 4; lastKnownFileType = sourcecode.swift; path = ProfileViewController.swift; sourceTree = "<group>"; };
		816A974122D6507F001F92DA /* ProfileViewModel.swift */ = {isa = PBXFileReference; fileEncoding = 4; lastKnownFileType = sourcecode.swift; path = ProfileViewModel.swift; sourceTree = "<group>"; };
		816A974322D666A9001F92DA /* UIStoryboardSegueFromLeftToRight.swift */ = {isa = PBXFileReference; lastKnownFileType = sourcecode.swift; path = UIStoryboardSegueFromLeftToRight.swift; sourceTree = "<group>"; };
		8179D4D322B81FC100CAD8F4 /* ModalViewController.swift */ = {isa = PBXFileReference; lastKnownFileType = sourcecode.swift; name = ModalViewController.swift; path = ../Home/ModalViewController.swift; sourceTree = "<group>"; };
		8179D4D522B9515F00CAD8F4 /* LocationManager.swift */ = {isa = PBXFileReference; lastKnownFileType = sourcecode.swift; path = LocationManager.swift; sourceTree = "<group>"; };
		81CED41722DCD352008939E1 /* Avatar.swift */ = {isa = PBXFileReference; lastKnownFileType = sourcecode.swift; path = Avatar.swift; sourceTree = "<group>"; };
		81D0D96122CFBEA600CE5FE4 /* Match.swift */ = {isa = PBXFileReference; lastKnownFileType = sourcecode.swift; path = Match.swift; sourceTree = "<group>"; };
		81D0D96322CFC7D500CE5FE4 /* MatchConversation.swift */ = {isa = PBXFileReference; lastKnownFileType = sourcecode.swift; path = MatchConversation.swift; sourceTree = "<group>"; };
		81EF2F4522B034E8006254E7 /* UILabelExtension.swift */ = {isa = PBXFileReference; lastKnownFileType = sourcecode.swift; path = UILabelExtension.swift; sourceTree = "<group>"; };
		81EF2F4722B14BCD006254E7 /* UITextFieldPadding.swift */ = {isa = PBXFileReference; lastKnownFileType = sourcecode.swift; path = UITextFieldPadding.swift; sourceTree = "<group>"; };
		81EF2F4922B177C1006254E7 /* TargetAPI.swift */ = {isa = PBXFileReference; lastKnownFileType = sourcecode.swift; path = TargetAPI.swift; sourceTree = "<group>"; };
		81EF2F4B22B17836006254E7 /* Target.swift */ = {isa = PBXFileReference; lastKnownFileType = sourcecode.swift; path = Target.swift; sourceTree = "<group>"; };
		82F71F7C7374D2016EF4EE08 /* Pods-ios-target.release.xcconfig */ = {isa = PBXFileReference; includeInIndex = 1; lastKnownFileType = text.xcconfig; name = "Pods-ios-target.release.xcconfig"; path = "Pods/Target Support Files/Pods-ios-target/Pods-ios-target.release.xcconfig"; sourceTree = "<group>"; };
		9B0C72691C738D3400BAF3B1 /* AppDelegate.swift */ = {isa = PBXFileReference; fileEncoding = 4; indentWidth = 2; lastKnownFileType = sourcecode.swift; path = AppDelegate.swift; sourceTree = "<group>"; tabWidth = 2; };
		9B0C726A1C738D3400BAF3B1 /* Assets.xcassets */ = {isa = PBXFileReference; lastKnownFileType = folder.assetcatalog; path = Assets.xcassets; sourceTree = "<group>"; };
		9B0C726C1C738D3400BAF3B1 /* APIClient.swift */ = {isa = PBXFileReference; fileEncoding = 4; lastKnownFileType = sourcecode.swift; lineEnding = 0; path = APIClient.swift; sourceTree = "<group>"; xcLanguageSpecificationIdentifier = xcode.lang.swift; };
		9B0C726D1C738D3400BAF3B1 /* Info.plist */ = {isa = PBXFileReference; fileEncoding = 4; lastKnownFileType = text.plist.xml; path = Info.plist; sourceTree = "<group>"; };
		9B0C726E1C738D3400BAF3B1 /* UserAPI.swift */ = {isa = PBXFileReference; fileEncoding = 4; indentWidth = 2; lastKnownFileType = sourcecode.swift; lineEnding = 0; path = UserAPI.swift; sourceTree = "<group>"; tabWidth = 2; xcLanguageSpecificationIdentifier = xcode.lang.swift; };
		9B2BF7291EBB9AB5001638C4 /* AcceptanceTests.xctest */ = {isa = PBXFileReference; explicitFileType = wrapper.cfbundle; includeInIndex = 0; path = AcceptanceTests.xctest; sourceTree = BUILT_PRODUCTS_DIR; };
		9B2BF72D1EBB9AB5001638C4 /* Info.plist */ = {isa = PBXFileReference; lastKnownFileType = text.plist.xml; path = Info.plist; sourceTree = "<group>"; };
		9B2BF7371EBB9B21001638C4 /* SignInSuccessfully.json */ = {isa = PBXFileReference; fileEncoding = 4; lastKnownFileType = text.json; path = SignInSuccessfully.json; sourceTree = "<group>"; };
		9B2BF7391EBB9B45001638C4 /* SignUpSuccessfully.json */ = {isa = PBXFileReference; fileEncoding = 4; lastKnownFileType = text.json; path = SignUpSuccessfully.json; sourceTree = "<group>"; };
		9B2BF73B1EBBA30B001638C4 /* KIFExtensions.swift */ = {isa = PBXFileReference; fileEncoding = 4; lastKnownFileType = sourcecode.swift; path = KIFExtensions.swift; sourceTree = "<group>"; };
		9B2BF73D1EBBA415001638C4 /* AcceptanceTests-Bridging-Header.h */ = {isa = PBXFileReference; lastKnownFileType = sourcecode.c.h; path = "AcceptanceTests-Bridging-Header.h"; sourceTree = "<group>"; };
		9B3AA3981ED35007005A4D26 /* SignInViewController.swift */ = {isa = PBXFileReference; fileEncoding = 4; lastKnownFileType = sourcecode.swift; path = SignInViewController.swift; sourceTree = "<group>"; };
		9B3AA39A1ED35013005A4D26 /* SignUpViewController.swift */ = {isa = PBXFileReference; fileEncoding = 4; lastKnownFileType = sourcecode.swift; path = SignUpViewController.swift; sourceTree = "<group>"; };
		9B3AA3A01ED4D014005A4D26 /* HomeViewController.swift */ = {isa = PBXFileReference; fileEncoding = 4; lastKnownFileType = sourcecode.swift; path = HomeViewController.swift; sourceTree = "<group>"; };
		9B5AFADA1C7205EC002347D6 /* ios-target-Debug.app */ = {isa = PBXFileReference; explicitFileType = wrapper.application; includeInIndex = 0; path = "ios-target-Debug.app"; sourceTree = BUILT_PRODUCTS_DIR; };
		9B715A451E28083600C0C039 /* PlaceholderTextView.swift */ = {isa = PBXFileReference; fileEncoding = 4; indentWidth = 2; lastKnownFileType = sourcecode.swift; path = PlaceholderTextView.swift; sourceTree = "<group>"; tabWidth = 2; };
		9B71D69F20976E6800DCBBBD /* Constants.swift */ = {isa = PBXFileReference; lastKnownFileType = sourcecode.swift; path = Constants.swift; sourceTree = "<group>"; };
		9B766D322092536000A28FFA /* LogoutSuccess.json */ = {isa = PBXFileReference; lastKnownFileType = text.json; path = LogoutSuccess.json; sourceTree = "<group>"; };
		9B766D352092542700A28FFA /* Unauthorized.json */ = {isa = PBXFileReference; lastKnownFileType = text.json; path = Unauthorized.json; sourceTree = "<group>"; };
		9B77E0721E2FB6350020E450 /* User.swift */ = {isa = PBXFileReference; fileEncoding = 4; lastKnownFileType = sourcecode.swift; path = User.swift; sourceTree = "<group>"; };
		9B77E0741E2FB66F0020E450 /* UserDataManager.swift */ = {isa = PBXFileReference; fileEncoding = 4; lastKnownFileType = sourcecode.swift; path = UserDataManager.swift; sourceTree = "<group>"; };
		9B77E0781E2FCF710020E450 /* Media.swift */ = {isa = PBXFileReference; fileEncoding = 4; lastKnownFileType = sourcecode.swift; path = Media.swift; sourceTree = "<group>"; };
		9B8574D6212C81950063A3E2 /* SignUpViewModel.swift */ = {isa = PBXFileReference; lastKnownFileType = sourcecode.swift; path = SignUpViewModel.swift; sourceTree = "<group>"; };
		9B8574D8212C84130063A3E2 /* UIImageExtension.swift */ = {isa = PBXFileReference; lastKnownFileType = sourcecode.swift; path = UIImageExtension.swift; sourceTree = "<group>"; };
		9B88CC661CAB305900AE60C5 /* Constants.swift */ = {isa = PBXFileReference; fileEncoding = 4; lastKnownFileType = sourcecode.swift; path = Constants.swift; sourceTree = "<group>"; };
		9B8D306C20AB456C0050697F /* en */ = {isa = PBXFileReference; lastKnownFileType = text.plist.strings; name = en; path = en.lproj/Localization.strings; sourceTree = "<group>"; };
		9B8D306E20AB456D0050697F /* es */ = {isa = PBXFileReference; lastKnownFileType = text.plist.strings; name = es; path = es.lproj/Localization.strings; sourceTree = "<group>"; };
		9B8D306F20AB47E90050697F /* JSONEncodingExtension.swift */ = {isa = PBXFileReference; lastKnownFileType = sourcecode.swift; path = JSONEncodingExtension.swift; sourceTree = "<group>"; };
		9B90C3A31ECB4A8A00FBE2FB /* LogoutTests.swift */ = {isa = PBXFileReference; fileEncoding = 4; lastKnownFileType = sourcecode.swift; path = LogoutTests.swift; sourceTree = "<group>"; };
		9B90C3A41ECB4A8A00FBE2FB /* SignInTests.swift */ = {isa = PBXFileReference; fileEncoding = 4; lastKnownFileType = sourcecode.swift; path = SignInTests.swift; sourceTree = "<group>"; };
		9B90C3A51ECB4A8A00FBE2FB /* SignUpTests.swift */ = {isa = PBXFileReference; fileEncoding = 4; lastKnownFileType = sourcecode.swift; path = SignUpTests.swift; sourceTree = "<group>"; };
		9B9C6BFD20C7160700EB0523 /* README.md */ = {isa = PBXFileReference; fileEncoding = 4; lastKnownFileType = net.daringfireball.markdown; path = README.md; sourceTree = "<group>"; };
		9BAFB7BE2114D9910099DC61 /* HomeViewModel.swift */ = {isa = PBXFileReference; lastKnownFileType = sourcecode.swift; path = HomeViewModel.swift; sourceTree = "<group>"; };
		9BAFB7C22114E3CD0099DC61 /* SignInViewModel.swift */ = {isa = PBXFileReference; lastKnownFileType = sourcecode.swift; path = SignInViewModel.swift; sourceTree = "<group>"; };
		9BD01E351F01641E007255E3 /* DictionaryExtension.swift */ = {isa = PBXFileReference; fileEncoding = 4; lastKnownFileType = sourcecode.swift; path = DictionaryExtension.swift; sourceTree = "<group>"; };
		9BD4090F1CE9F19E005223C9 /* UIHelper.swift */ = {isa = PBXFileReference; fileEncoding = 4; indentWidth = 2; lastKnownFileType = sourcecode.swift; path = UIHelper.swift; sourceTree = "<group>"; tabWidth = 2; };
		9BE3669C1F101736007CAECD /* MultipartMedia.swift */ = {isa = PBXFileReference; fileEncoding = 4; lastKnownFileType = sourcecode.swift; path = MultipartMedia.swift; sourceTree = "<group>"; };
		9BE3669E1F10175E007CAECD /* Base64Media.swift */ = {isa = PBXFileReference; fileEncoding = 4; lastKnownFileType = sourcecode.swift; path = Base64Media.swift; sourceTree = "<group>"; };
		9BFA84F21C776827009F64E4 /* LaunchScreen.storyboard */ = {isa = PBXFileReference; fileEncoding = 4; lastKnownFileType = file.storyboard; path = LaunchScreen.storyboard; sourceTree = "<group>"; };
		AC791D00DD4DDC038825A6EE /* Pods-ios-target.debug.xcconfig */ = {isa = PBXFileReference; includeInIndex = 1; lastKnownFileType = text.xcconfig; name = "Pods-ios-target.debug.xcconfig"; path = "Pods/Target Support Files/Pods-ios-target/Pods-ios-target.debug.xcconfig"; sourceTree = "<group>"; };
		AE36723D4614A2BEC4C61C8F /* Pods-ios-target.staging.xcconfig */ = {isa = PBXFileReference; includeInIndex = 1; lastKnownFileType = text.xcconfig; name = "Pods-ios-target.staging.xcconfig"; path = "Pods/Target Support Files/Pods-ios-target/Pods-ios-target.staging.xcconfig"; sourceTree = "<group>"; };
		D1D2682BE0FAA2BD21AA08DD /* Pods-AcceptanceTests.debug.xcconfig */ = {isa = PBXFileReference; includeInIndex = 1; lastKnownFileType = text.xcconfig; name = "Pods-AcceptanceTests.debug.xcconfig"; path = "Pods/Target Support Files/Pods-AcceptanceTests/Pods-AcceptanceTests.debug.xcconfig"; sourceTree = "<group>"; };
		E81171911DE5EFB7003D3DF5 /* UIViewControllerExtension.swift */ = {isa = PBXFileReference; fileEncoding = 4; indentWidth = 2; lastKnownFileType = sourcecode.swift; path = UIViewControllerExtension.swift; sourceTree = "<group>"; tabWidth = 2; };
		E8290BFD1D832D9200599960 /* UIViewExtension.swift */ = {isa = PBXFileReference; fileEncoding = 4; indentWidth = 2; lastKnownFileType = sourcecode.swift; path = UIViewExtension.swift; sourceTree = "<group>"; tabWidth = 2; };
		E8290C011D8330A800599960 /* StringExtension.swift */ = {isa = PBXFileReference; fileEncoding = 4; indentWidth = 2; lastKnownFileType = sourcecode.swift; path = StringExtension.swift; sourceTree = "<group>"; tabWidth = 2; };
		E8B30E011E72FF8000131DCF /* UIStoryboardExtension.swift */ = {isa = PBXFileReference; fileEncoding = 4; lastKnownFileType = sourcecode.swift; path = UIStoryboardExtension.swift; sourceTree = "<group>"; };
		E8FBB1BE1DD21A32000D6740 /* Session.swift */ = {isa = PBXFileReference; fileEncoding = 4; lastKnownFileType = sourcecode.swift; path = Session.swift; sourceTree = "<group>"; };
		E8FBB1C01DD21D18000D6740 /* SessionManager.swift */ = {isa = PBXFileReference; fileEncoding = 4; lastKnownFileType = sourcecode.swift; path = SessionManager.swift; sourceTree = "<group>"; };
		FA54D5871E11C59600F0DBEA /* FirstViewController.swift */ = {isa = PBXFileReference; fileEncoding = 4; indentWidth = 2; lastKnownFileType = sourcecode.swift; path = FirstViewController.swift; sourceTree = "<group>"; tabWidth = 2; };
		FABDC9211EE1EB2B000DDAC3 /* ConfigurationManager.swift */ = {isa = PBXFileReference; fileEncoding = 4; lastKnownFileType = sourcecode.swift; path = ConfigurationManager.swift; sourceTree = "<group>"; };
/* End PBXFileReference section */

/* Begin PBXFrameworksBuildPhase section */
		9B2BF7261EBB9AB5001638C4 /* Frameworks */ = {
			isa = PBXFrameworksBuildPhase;
			buildActionMask = 2147483647;
			files = (
				FC82466F6EA60A0E8254DFC9 /* Pods_AcceptanceTests.framework in Frameworks */,
			);
			runOnlyForDeploymentPostprocessing = 0;
		};
		9B5AFAD71C7205EB002347D6 /* Frameworks */ = {
			isa = PBXFrameworksBuildPhase;
			buildActionMask = 2147483647;
			files = (
				CC41422F88D94ED796ABD9CF /* Pods_ios_target.framework in Frameworks */,
			);
			runOnlyForDeploymentPostprocessing = 0;
		};
/* End PBXFrameworksBuildPhase section */

/* Begin PBXGroup section */
		212AAEB266F3A50F6D054BDC /* Frameworks */ = {
			isa = PBXGroup;
			children = (
				783CAC1B5DBFF798271373E1 /* Pods_AcceptanceTests.framework */,
				5ED1BAF29FEA2BD0007ACC37 /* Pods_ios_target.framework */,
			);
			name = Frameworks;
			sourceTree = "<group>";
		};
		64E48495D798D92653440C76 /* Pods */ = {
			isa = PBXGroup;
			children = (
				D1D2682BE0FAA2BD21AA08DD /* Pods-AcceptanceTests.debug.xcconfig */,
				3DBAD6B12995F8B16995DDCF /* Pods-AcceptanceTests.staging.xcconfig */,
				5BE0158A80D21C99EB6BAEBB /* Pods-AcceptanceTests.release.xcconfig */,
				AC791D00DD4DDC038825A6EE /* Pods-ios-target.debug.xcconfig */,
				AE36723D4614A2BEC4C61C8F /* Pods-ios-target.staging.xcconfig */,
				82F71F7C7374D2016EF4EE08 /* Pods-ios-target.release.xcconfig */,
			);
			name = Pods;
			sourceTree = "<group>";
		};
		811A4D1822DE69B70025156F /* Chat */ = {
			isa = PBXGroup;
			children = (
				811A4D1922DE69C00025156F /* ChatListViewModel.swift */,
			);
			path = Chat;
			sourceTree = "<group>";
		};
		815B4B9622DE64E00052B149 /* Chat */ = {
			isa = PBXGroup;
			children = (
				815B4B9722DE64F70052B149 /* ChatListViewController.swift */,
				811A4D1422DE69720025156F /* ChatListTableViewCell.swift */,
				811A4D1522DE69720025156F /* ChatListTableViewCell.xib */,
			);
			path = Chat;
			sourceTree = "<group>";
		};
		816A972522D3CF2B001F92DA /* Profile */ = {
			isa = PBXGroup;
			children = (
				816A973F22D6506E001F92DA /* ProfileViewController.swift */,
			);
			path = Profile;
			sourceTree = "<group>";
		};
		816A972822D3CF56001F92DA /* Profile */ = {
			isa = PBXGroup;
			children = (
				816A974122D6507F001F92DA /* ProfileViewModel.swift */,
			);
			path = Profile;
			sourceTree = "<group>";
		};
		81D0D94B22CFB8D100CE5FE4 /* Fonts */ = {
			isa = PBXGroup;
			children = (
				81D0D94C22CFB8D700CE5FE4 /* OpenSans */,
			);
			path = Fonts;
			sourceTree = "<group>";
		};
		81D0D94C22CFB8D700CE5FE4 /* OpenSans */ = {
			isa = PBXGroup;
			children = (
				815DA6CD22D8CD450026BB9F /* OpenSans-Bold.ttf */,
				815DA6C722D8CD450026BB9F /* OpenSans-BoldItalic.ttf */,
				815DA6C822D8CD450026BB9F /* OpenSans-ExtraBold.ttf */,
				815DA6CB22D8CD450026BB9F /* OpenSans-ExtraBoldItalic.ttf */,
				815DA6C522D8CD450026BB9F /* OpenSans-Italic.ttf */,
				815DA6C622D8CD450026BB9F /* OpenSans-Light.ttf */,
				815DA6CE22D8CD450026BB9F /* OpenSans-LightItalic.ttf */,
				815DA6C922D8CD450026BB9F /* OpenSans-Regular.ttf */,
				815DA6CA22D8CD450026BB9F /* OpenSans-Semibold.ttf */,
				815DA6CC22D8CD450026BB9F /* OpenSans-SemiboldItalic.ttf */,
			);
			path = OpenSans;
			sourceTree = "<group>";
		};
		9B0C72511C738C3100BAF3B1 /* ios-target */ = {
			isa = PBXGroup;
			children = (
				9BFA84EE1C7767D9009F64E4 /* Model */,
				9BAFB7BC2114CA8D0099DC61 /* View */,
				9BAFB7BD2114CA9E0099DC61 /* ViewModel */,
				9B8D306720AB45160050697F /* Resources */,
				E8290BFC1D832D6400599960 /* Extensions */,
				9BFA84EF1C7767DD009F64E4 /* Helpers */,
				9BDA91E01C7390D30003877D /* Manager */,
				9BDA91DF1C7390C10003877D /* Networking */,
				9B0C72691C738D3400BAF3B1 /* AppDelegate.swift */,
				9B0C726A1C738D3400BAF3B1 /* Assets.xcassets */,
				9B0C726D1C738D3400BAF3B1 /* Info.plist */,
				9BFA84F21C776827009F64E4 /* LaunchScreen.storyboard */,
				0ABFB8921FA366D90098F751 /* Main.storyboard */,
			);
			path = "ios-target";
			sourceTree = "<group>";
		};
		9B2BF72A1EBB9AB5001638C4 /* AcceptanceTests */ = {
			isa = PBXGroup;
			children = (
				9B71D6A120976F3300DCBBBD /* Common */,
				9B2BF7341EBB9ABD001638C4 /* StubFiles */,
				9B90C39B1ECA01D100FBE2FB /* Tests */,
				9B2BF73D1EBBA415001638C4 /* AcceptanceTests-Bridging-Header.h */,
				9B2BF72D1EBB9AB5001638C4 /* Info.plist */,
				9B2BF73B1EBBA30B001638C4 /* KIFExtensions.swift */,
			);
			path = AcceptanceTests;
			sourceTree = "<group>";
		};
		9B2BF7341EBB9ABD001638C4 /* StubFiles */ = {
			isa = PBXGroup;
			children = (
				9B766D342092540000A28FFA /* Errors */,
				9B766D312092533800A28FFA /* Logout */,
				9B2BF7351EBB9ACA001638C4 /* SignIn */,
				9B2BF7361EBB9AD3001638C4 /* SignUp */,
			);
			path = StubFiles;
			sourceTree = "<group>";
		};
		9B2BF7351EBB9ACA001638C4 /* SignIn */ = {
			isa = PBXGroup;
			children = (
				9B2BF7371EBB9B21001638C4 /* SignInSuccessfully.json */,
			);
			path = SignIn;
			sourceTree = "<group>";
		};
		9B2BF7361EBB9AD3001638C4 /* SignUp */ = {
			isa = PBXGroup;
			children = (
				9B2BF7391EBB9B45001638C4 /* SignUpSuccessfully.json */,
			);
			path = SignUp;
			sourceTree = "<group>";
		};
		9B5AFAD11C7205EB002347D6 = {
			isa = PBXGroup;
			children = (
				9B9C6BFD20C7160700EB0523 /* README.md */,
				9B2BF72A1EBB9AB5001638C4 /* AcceptanceTests */,
				9B5AFADB1C7205EC002347D6 /* Products */,
				9B0C72511C738C3100BAF3B1 /* ios-target */,
				64E48495D798D92653440C76 /* Pods */,
				212AAEB266F3A50F6D054BDC /* Frameworks */,
			);
			sourceTree = "<group>";
		};
		9B5AFADB1C7205EC002347D6 /* Products */ = {
			isa = PBXGroup;
			children = (
				9B5AFADA1C7205EC002347D6 /* ios-target-Debug.app */,
				9B2BF7291EBB9AB5001638C4 /* AcceptanceTests.xctest */,
			);
			name = Products;
			sourceTree = "<group>";
		};
		9B71D6A120976F3300DCBBBD /* Common */ = {
			isa = PBXGroup;
			children = (
				9B71D69F20976E6800DCBBBD /* Constants.swift */,
			);
			path = Common;
			sourceTree = "<group>";
		};
		9B766D312092533800A28FFA /* Logout */ = {
			isa = PBXGroup;
			children = (
				9B766D322092536000A28FFA /* LogoutSuccess.json */,
			);
			path = Logout;
			sourceTree = "<group>";
		};
		9B766D342092540000A28FFA /* Errors */ = {
			isa = PBXGroup;
			children = (
				9B766D352092542700A28FFA /* Unauthorized.json */,
			);
			path = Errors;
			sourceTree = "<group>";
		};
		9B8574DA212C8BF10063A3E2 /* Onboarding */ = {
			isa = PBXGroup;
			children = (
				FA54D5871E11C59600F0DBEA /* FirstViewController.swift */,
				9B3AA3981ED35007005A4D26 /* SignInViewController.swift */,
				9B3AA39A1ED35013005A4D26 /* SignUpViewController.swift */,
			);
			path = Onboarding;
			sourceTree = "<group>";
		};
		9B8574DB212C8C330063A3E2 /* Home */ = {
			isa = PBXGroup;
			children = (
				9B3AA3A01ED4D014005A4D26 /* HomeViewController.swift */,
				8151D79322C173CE00F7C7DF /* TargetAnnotationView.swift */,
				8151D79B22C3AA2400F7C7DF /* TargetFormViewController.swift */,
				81110A3122CAA9D800582F02 /* TopicsViewController.swift */,
				81110A3722CBD53C00582F02 /* TopicsCollectionViewCell.swift */,
				81110A3822CBD53C00582F02 /* TopicsCollectionViewCell.xib */,
				816A971F22CD253C001F92DA /* MatchNotificationViewController.swift */,
			);
			path = Home;
			sourceTree = "<group>";
		};
		9B8D306720AB45160050697F /* Resources */ = {
			isa = PBXGroup;
			children = (
				81D0D94B22CFB8D100CE5FE4 /* Fonts */,
				9B8D306820AB451E0050697F /* Localization */,
			);
			path = Resources;
			sourceTree = "<group>";
		};
		9B8D306820AB451E0050697F /* Localization */ = {
			isa = PBXGroup;
			children = (
				9B8D306D20AB456C0050697F /* Localization.strings */,
			);
			path = Localization;
			sourceTree = "<group>";
		};
		9B90C39B1ECA01D100FBE2FB /* Tests */ = {
			isa = PBXGroup;
			children = (
				9B90C3A41ECB4A8A00FBE2FB /* SignInTests.swift */,
				9B90C3A51ECB4A8A00FBE2FB /* SignUpTests.swift */,
				9B90C3A31ECB4A8A00FBE2FB /* LogoutTests.swift */,
			);
			path = Tests;
			sourceTree = "<group>";
		};
		9BAFB7BC2114CA8D0099DC61 /* View */ = {
			isa = PBXGroup;
			children = (
				815B4B9622DE64E00052B149 /* Chat */,
				816A972522D3CF2B001F92DA /* Profile */,
				9B8574DB212C8C330063A3E2 /* Home */,
				9B8574DA212C8BF10063A3E2 /* Onboarding */,
				E8290BFB1D832D4100599960 /* CustomControls */,
			);
			path = View;
			sourceTree = "<group>";
		};
		9BAFB7BD2114CA9E0099DC61 /* ViewModel */ = {
			isa = PBXGroup;
			children = (
				811A4D1822DE69B70025156F /* Chat */,
				816A972822D3CF56001F92DA /* Profile */,
				9BAFB7C12114E3A80099DC61 /* Home */,
				9BAFB7C02114E39C0099DC61 /* Onboarding */,
			);
			path = ViewModel;
			sourceTree = "<group>";
		};
		9BAFB7C02114E39C0099DC61 /* Onboarding */ = {
			isa = PBXGroup;
			children = (
				9BAFB7C22114E3CD0099DC61 /* SignInViewModel.swift */,
				9B8574D6212C81950063A3E2 /* SignUpViewModel.swift */,
				07741D71218CDED600DB3B97 /* FirstViewModel.swift */,
			);
			path = Onboarding;
			sourceTree = "<group>";
		};
		9BAFB7C12114E3A80099DC61 /* Home */ = {
			isa = PBXGroup;
			children = (
				9BAFB7BE2114D9910099DC61 /* HomeViewModel.swift */,
				81110A2722C569C100582F02 /* TargetFormViewModel.swift */,
				81110A3322CBA7C200582F02 /* TopicsViewModel.swift */,
				816A972122CE3E04001F92DA /* MatchNotificationViewModel.swift */,
			);
			path = Home;
			sourceTree = "<group>";
		};
		9BDA91DF1C7390C10003877D /* Networking */ = {
			isa = PBXGroup;
			children = (
				9BE3669B1F1016BD007CAECD /* Models */,
				9BFA84F11C776817009F64E4 /* Services */,
				9B0C726C1C738D3400BAF3B1 /* APIClient.swift */,
				9B77E0781E2FCF710020E450 /* Media.swift */,
			);
			path = Networking;
			sourceTree = "<group>";
		};
		9BDA91E01C7390D30003877D /* Manager */ = {
			isa = PBXGroup;
			children = (
				FABDC9211EE1EB2B000DDAC3 /* ConfigurationManager.swift */,
				E8FBB1C01DD21D18000D6740 /* SessionManager.swift */,
				9B77E0741E2FB66F0020E450 /* UserDataManager.swift */,
				8179D4D522B9515F00CAD8F4 /* LocationManager.swift */,
			);
			path = Manager;
			sourceTree = "<group>";
		};
		9BE3669B1F1016BD007CAECD /* Models */ = {
			isa = PBXGroup;
			children = (
				9BE3669E1F10175E007CAECD /* Base64Media.swift */,
				9BE3669C1F101736007CAECD /* MultipartMedia.swift */,
			);
			path = Models;
			sourceTree = "<group>";
		};
		9BFA84EE1C7767D9009F64E4 /* Model */ = {
			isa = PBXGroup;
			children = (
				E8FBB1BE1DD21A32000D6740 /* Session.swift */,
				9B77E0721E2FB6350020E450 /* User.swift */,
				81EF2F4B22B17836006254E7 /* Target.swift */,
				8151D79122BD235400F7C7DF /* TargetAnnotation.swift */,
				8151D79522C246B600F7C7DF /* TargetCircle.swift */,
				81110A2B22CA951700582F02 /* Topic.swift */,
				81D0D96122CFBEA600CE5FE4 /* Match.swift */,
				81D0D96322CFC7D500CE5FE4 /* MatchConversation.swift */,
				81CED41722DCD352008939E1 /* Avatar.swift */,
				8158078122DF74BB009F07A4 /* MatchListItem.swift */,
			);
			path = Model;
			sourceTree = "<group>";
		};
		9BFA84EF1C7767DD009F64E4 /* Helpers */ = {
			isa = PBXGroup;
			children = (
				9B88CC661CAB305900AE60C5 /* Constants.swift */,
				9BD4090F1CE9F19E005223C9 /* UIHelper.swift */,
			);
			path = Helpers;
			sourceTree = "<group>";
		};
		9BFA84F11C776817009F64E4 /* Services */ = {
			isa = PBXGroup;
			children = (
				9B0C726E1C738D3400BAF3B1 /* UserAPI.swift */,
				81EF2F4922B177C1006254E7 /* TargetAPI.swift */,
				81110A2F22CAA1EB00582F02 /* TopicAPI.swift */,
				811A4D1B22DF5A990025156F /* MatchConversationsAPI.swift */,
			);
			path = Services;
			sourceTree = "<group>";
		};
		E8290BFB1D832D4100599960 /* CustomControls */ = {
			isa = PBXGroup;
			children = (
				8179D4D322B81FC100CAD8F4 /* ModalViewController.swift */,
				9B715A451E28083600C0C039 /* PlaceholderTextView.swift */,
				81EF2F4722B14BCD006254E7 /* UITextFieldPadding.swift */,
				816A974322D666A9001F92DA /* UIStoryboardSegueFromLeftToRight.swift */,
			);
			path = CustomControls;
			sourceTree = "<group>";
		};
		E8290BFC1D832D6400599960 /* Extensions */ = {
			isa = PBXGroup;
			children = (
				9BD01E351F01641E007255E3 /* DictionaryExtension.swift */,
				E8290C011D8330A800599960 /* StringExtension.swift */,
				E8B30E011E72FF8000131DCF /* UIStoryboardExtension.swift */,
				E81171911DE5EFB7003D3DF5 /* UIViewControllerExtension.swift */,
				E8290BFD1D832D9200599960 /* UIViewExtension.swift */,
				0A6990341F9F82A300F4BAC7 /* UIApplicationExtension.swift */,
				9B8D306F20AB47E90050697F /* JSONEncodingExtension.swift */,
				9B8574D8212C84130063A3E2 /* UIImageExtension.swift */,
				071CD2612228544700E6D385 /* FontExtension.swift */,
				81EF2F4522B034E8006254E7 /* UILabelExtension.swift */,
				8151D79722C2782B00F7C7DF /* UIColorExtension.swift */,
				81110A2922CA804F00582F02 /* UIButtonExtension.swift */,
				816A972322CE46FF001F92DA /* UIImageViewExtension.swift */,
			);
			path = Extensions;
			sourceTree = "<group>";
		};
/* End PBXGroup section */

/* Begin PBXNativeTarget section */
		9B2BF7281EBB9AB5001638C4 /* AcceptanceTests */ = {
			isa = PBXNativeTarget;
			buildConfigurationList = 9B2BF7331EBB9AB5001638C4 /* Build configuration list for PBXNativeTarget "AcceptanceTests" */;
			buildPhases = (
				0B33F723A1DB8F8581ED0710 /* [CP] Check Pods Manifest.lock */,
				9B2BF7251EBB9AB5001638C4 /* Sources */,
				9B2BF7261EBB9AB5001638C4 /* Frameworks */,
				9B2BF7271EBB9AB5001638C4 /* Resources */,
				7A21474AD5CB55898168C8DC /* [CP] Embed Pods Frameworks */,
			);
			buildRules = (
			);
			dependencies = (
				9B2BF72F1EBB9AB5001638C4 /* PBXTargetDependency */,
			);
			name = AcceptanceTests;
			productName = AcceptanceTests;
			productReference = 9B2BF7291EBB9AB5001638C4 /* AcceptanceTests.xctest */;
			productType = "com.apple.product-type.bundle.unit-test";
		};
		9B5AFAD91C7205EB002347D6 /* ios-target */ = {
			isa = PBXNativeTarget;
			buildConfigurationList = 9B5AFAEC1C7205EC002347D6 /* Build configuration list for PBXNativeTarget "ios-target" */;
			buildPhases = (
				DA3CD60C5FFC48272D836371 /* [CP] Check Pods Manifest.lock */,
				9B5AFAD61C7205EB002347D6 /* Sources */,
				9B5AFAD71C7205EB002347D6 /* Frameworks */,
				9B5AFAD81C7205EB002347D6 /* Resources */,
				9B22F5581C720E7D003DDCD8 /* ShellScript */,
				E4B247E4A93C09CDB91283CE /* [CP] Embed Pods Frameworks */,
			);
			buildRules = (
			);
			dependencies = (
			);
			name = "ios-target";
			productName = "delfie-ios";
			productReference = 9B5AFADA1C7205EC002347D6 /* ios-target-Debug.app */;
			productType = "com.apple.product-type.application";
		};
/* End PBXNativeTarget section */

/* Begin PBXProject section */
		9B5AFAD21C7205EB002347D6 /* Project object */ = {
			isa = PBXProject;
			attributes = {
				LastSwiftUpdateCheck = 0830;
				LastUpgradeCheck = 1000;
				ORGANIZATIONNAME = "TopTier labs";
				TargetAttributes = {
					9B2BF7281EBB9AB5001638C4 = {
						CreatedOnToolsVersion = 8.3.2;
						DevelopmentTeam = 2R9P8RBGBJ;
						LastSwiftMigration = 1000;
						ProvisioningStyle = Automatic;
						TestTargetID = 9B5AFAD91C7205EB002347D6;
					};
					9B5AFAD91C7205EB002347D6 = {
						CreatedOnToolsVersion = 7.2;
						DevelopmentTeam = WNU857N39T;
						LastSwiftMigration = 1000;
						ProvisioningStyle = Automatic;
					};
				};
			};
			buildConfigurationList = 9B5AFAD51C7205EB002347D6 /* Build configuration list for PBXProject "ios-target" */;
			compatibilityVersion = "Xcode 3.2";
			developmentRegion = English;
			hasScannedForEncodings = 0;
			knownRegions = (
				English,
				en,
				Base,
				es,
			);
			mainGroup = 9B5AFAD11C7205EB002347D6;
			productRefGroup = 9B5AFADB1C7205EC002347D6 /* Products */;
			projectDirPath = "";
			projectRoot = "";
			targets = (
				9B5AFAD91C7205EB002347D6 /* ios-target */,
				9B2BF7281EBB9AB5001638C4 /* AcceptanceTests */,
			);
		};
/* End PBXProject section */

/* Begin PBXResourcesBuildPhase section */
		9B2BF7271EBB9AB5001638C4 /* Resources */ = {
			isa = PBXResourcesBuildPhase;
			buildActionMask = 2147483647;
			files = (
				9B2BF73A1EBB9B45001638C4 /* SignUpSuccessfully.json in Resources */,
				9B2BF7381EBB9B21001638C4 /* SignInSuccessfully.json in Resources */,
				9B766D332092536000A28FFA /* LogoutSuccess.json in Resources */,
				9B766D362092542700A28FFA /* Unauthorized.json in Resources */,
			);
			runOnlyForDeploymentPostprocessing = 0;
		};
		9B5AFAD81C7205EB002347D6 /* Resources */ = {
			isa = PBXResourcesBuildPhase;
			buildActionMask = 2147483647;
			files = (
				9B9C6BFE20C7160700EB0523 /* README.md in Resources */,
				81110A3A22CBD53C00582F02 /* TopicsCollectionViewCell.xib in Resources */,
				811A4D1722DE69720025156F /* ChatListTableViewCell.xib in Resources */,
				0ABFB8901FA366D90098F751 /* Main.storyboard in Resources */,
				9BFA84F31C776827009F64E4 /* LaunchScreen.storyboard in Resources */,
				9B8D306B20AB456C0050697F /* Localization.strings in Resources */,
				9B0C72721C738D3400BAF3B1 /* Assets.xcassets in Resources */,
			);
			runOnlyForDeploymentPostprocessing = 0;
		};
/* End PBXResourcesBuildPhase section */

/* Begin PBXShellScriptBuildPhase section */
		0B33F723A1DB8F8581ED0710 /* [CP] Check Pods Manifest.lock */ = {
			isa = PBXShellScriptBuildPhase;
			buildActionMask = 2147483647;
			files = (
			);
			inputPaths = (
				"${PODS_PODFILE_DIR_PATH}/Podfile.lock",
				"${PODS_ROOT}/Manifest.lock",
			);
			name = "[CP] Check Pods Manifest.lock";
			outputPaths = (
				"$(DERIVED_FILE_DIR)/Pods-AcceptanceTests-checkManifestLockResult.txt",
			);
			runOnlyForDeploymentPostprocessing = 0;
			shellPath = /bin/sh;
			shellScript = "diff \"${PODS_PODFILE_DIR_PATH}/Podfile.lock\" \"${PODS_ROOT}/Manifest.lock\" > /dev/null\nif [ $? != 0 ] ; then\n    # print error to STDERR\n    echo \"error: The sandbox is not in sync with the Podfile.lock. Run 'pod install' or update your CocoaPods installation.\" >&2\n    exit 1\nfi\n# This output is used by Xcode 'outputs' to avoid re-running this script phase.\necho \"SUCCESS\" > \"${SCRIPT_OUTPUT_FILE_0}\"\n";
			showEnvVarsInLog = 0;
		};
		7A21474AD5CB55898168C8DC /* [CP] Embed Pods Frameworks */ = {
			isa = PBXShellScriptBuildPhase;
			buildActionMask = 2147483647;
			files = (
			);
			inputPaths = (
				"${SRCROOT}/Pods/Target Support Files/Pods-AcceptanceTests/Pods-AcceptanceTests-frameworks.sh",
				"${BUILT_PRODUCTS_DIR}/KIF/KIF.framework",
				"${BUILT_PRODUCTS_DIR}/OHHTTPStubs/OHHTTPStubs.framework",
			);
			name = "[CP] Embed Pods Frameworks";
			outputPaths = (
				"${TARGET_BUILD_DIR}/${FRAMEWORKS_FOLDER_PATH}/KIF.framework",
				"${TARGET_BUILD_DIR}/${FRAMEWORKS_FOLDER_PATH}/OHHTTPStubs.framework",
			);
			runOnlyForDeploymentPostprocessing = 0;
			shellPath = /bin/sh;
			shellScript = "\"${SRCROOT}/Pods/Target Support Files/Pods-AcceptanceTests/Pods-AcceptanceTests-frameworks.sh\"\n";
			showEnvVarsInLog = 0;
		};
		9B22F5581C720E7D003DDCD8 /* ShellScript */ = {
			isa = PBXShellScriptBuildPhase;
			buildActionMask = 2147483647;
			files = (
			);
			inputPaths = (
			);
			outputPaths = (
			);
			runOnlyForDeploymentPostprocessing = 0;
			shellPath = /bin/sh;
			shellScript = "if which swiftlint >/dev/null; then\nswiftlint\nelse\necho \"warning: SwiftLint not installed, download from https://github.com/realm/SwiftLint\"\nfi";
		};
		DA3CD60C5FFC48272D836371 /* [CP] Check Pods Manifest.lock */ = {
			isa = PBXShellScriptBuildPhase;
			buildActionMask = 2147483647;
			files = (
			);
			inputPaths = (
				"${PODS_PODFILE_DIR_PATH}/Podfile.lock",
				"${PODS_ROOT}/Manifest.lock",
			);
			name = "[CP] Check Pods Manifest.lock";
			outputPaths = (
				"$(DERIVED_FILE_DIR)/Pods-ios-target-checkManifestLockResult.txt",
			);
			runOnlyForDeploymentPostprocessing = 0;
			shellPath = /bin/sh;
			shellScript = "diff \"${PODS_PODFILE_DIR_PATH}/Podfile.lock\" \"${PODS_ROOT}/Manifest.lock\" > /dev/null\nif [ $? != 0 ] ; then\n    # print error to STDERR\n    echo \"error: The sandbox is not in sync with the Podfile.lock. Run 'pod install' or update your CocoaPods installation.\" >&2\n    exit 1\nfi\n# This output is used by Xcode 'outputs' to avoid re-running this script phase.\necho \"SUCCESS\" > \"${SCRIPT_OUTPUT_FILE_0}\"\n";
			showEnvVarsInLog = 0;
		};
		E4B247E4A93C09CDB91283CE /* [CP] Embed Pods Frameworks */ = {
			isa = PBXShellScriptBuildPhase;
			buildActionMask = 2147483647;
			files = (
			);
			inputPaths = (
				"${SRCROOT}/Pods/Target Support Files/Pods-ios-target/Pods-ios-target-frameworks.sh",
				"${BUILT_PRODUCTS_DIR}/Alamofire/Alamofire.framework",
				"${BUILT_PRODUCTS_DIR}/Bolts/Bolts.framework",
				"${BUILT_PRODUCTS_DIR}/Device/Device.framework",
				"${BUILT_PRODUCTS_DIR}/FBSDKCoreKit/FBSDKCoreKit.framework",
				"${BUILT_PRODUCTS_DIR}/FBSDKLoginKit/FBSDKLoginKit.framework",
				"${BUILT_PRODUCTS_DIR}/IQKeyboardManagerSwift/IQKeyboardManagerSwift.framework",
				"${BUILT_PRODUCTS_DIR}/RSFontSizes/RSFontSizes.framework",
				"${BUILT_PRODUCTS_DIR}/SDWebImage/SDWebImage.framework",
			);
			name = "[CP] Embed Pods Frameworks";
			outputPaths = (
				"${TARGET_BUILD_DIR}/${FRAMEWORKS_FOLDER_PATH}/Alamofire.framework",
				"${TARGET_BUILD_DIR}/${FRAMEWORKS_FOLDER_PATH}/Bolts.framework",
				"${TARGET_BUILD_DIR}/${FRAMEWORKS_FOLDER_PATH}/Device.framework",
				"${TARGET_BUILD_DIR}/${FRAMEWORKS_FOLDER_PATH}/FBSDKCoreKit.framework",
				"${TARGET_BUILD_DIR}/${FRAMEWORKS_FOLDER_PATH}/FBSDKLoginKit.framework",
				"${TARGET_BUILD_DIR}/${FRAMEWORKS_FOLDER_PATH}/IQKeyboardManagerSwift.framework",
				"${TARGET_BUILD_DIR}/${FRAMEWORKS_FOLDER_PATH}/RSFontSizes.framework",
				"${TARGET_BUILD_DIR}/${FRAMEWORKS_FOLDER_PATH}/SDWebImage.framework",
			);
			runOnlyForDeploymentPostprocessing = 0;
			shellPath = /bin/sh;
			shellScript = "\"${SRCROOT}/Pods/Target Support Files/Pods-ios-target/Pods-ios-target-frameworks.sh\"\n";
			showEnvVarsInLog = 0;
		};
/* End PBXShellScriptBuildPhase section */

/* Begin PBXSourcesBuildPhase section */
		9B2BF7251EBB9AB5001638C4 /* Sources */ = {
			isa = PBXSourcesBuildPhase;
			buildActionMask = 2147483647;
			files = (
				9B71D6A020976E6800DCBBBD /* Constants.swift in Sources */,
				9B90C3A71ECB4A8A00FBE2FB /* SignInTests.swift in Sources */,
				81CED41922DCE09D008939E1 /* User.swift in Sources */,
				9B90C3A81ECB4A8A00FBE2FB /* SignUpTests.swift in Sources */,
				9B2BF73C1EBBA30B001638C4 /* KIFExtensions.swift in Sources */,
				9B90C3A61ECB4A8A00FBE2FB /* LogoutTests.swift in Sources */,
			);
			runOnlyForDeploymentPostprocessing = 0;
		};
		9B5AFAD61C7205EB002347D6 /* Sources */ = {
			isa = PBXSourcesBuildPhase;
			buildActionMask = 2147483647;
			files = (
				E8290BFE1D832D9200599960 /* UIViewExtension.swift in Sources */,
				07741D72218CDED600DB3B97 /* FirstViewModel.swift in Sources */,
				81CED41822DCD352008939E1 /* Avatar.swift in Sources */,
				81D0D96422CFC7D500CE5FE4 /* MatchConversation.swift in Sources */,
				81EF2F4622B034E8006254E7 /* UILabelExtension.swift in Sources */,
				9BD409101CE9F19E005223C9 /* UIHelper.swift in Sources */,
				E8B30E021E72FF8000131DCF /* UIStoryboardExtension.swift in Sources */,
				816A974222D6507F001F92DA /* ProfileViewModel.swift in Sources */,
				81EF2F4C22B17836006254E7 /* Target.swift in Sources */,
				9B3AA3A11ED4D014005A4D26 /* HomeViewController.swift in Sources */,
				81110A2A22CA804F00582F02 /* UIButtonExtension.swift in Sources */,
				81D0D96222CFBEA600CE5FE4 /* Match.swift in Sources */,
				9B77E0751E2FB66F0020E450 /* UserDataManager.swift in Sources */,
				9B0C72741C738D3400BAF3B1 /* APIClient.swift in Sources */,
				816A972022CD253C001F92DA /* MatchNotificationViewController.swift in Sources */,
				9BD01E361F01641E007255E3 /* DictionaryExtension.swift in Sources */,
				816A974422D666A9001F92DA /* UIStoryboardSegueFromLeftToRight.swift in Sources */,
				8151D79222BD235400F7C7DF /* TargetAnnotation.swift in Sources */,
				E8290C021D8330A800599960 /* StringExtension.swift in Sources */,
				81110A2822C569C100582F02 /* TargetFormViewModel.swift in Sources */,
				071CD2622228544700E6D385 /* FontExtension.swift in Sources */,
				811A4D1622DE69720025156F /* ChatListTableViewCell.swift in Sources */,
				81110A3422CBA7C200582F02 /* TopicsViewModel.swift in Sources */,
				8151D79622C246B600F7C7DF /* TargetCircle.swift in Sources */,
				9B8D307020AB47E90050697F /* JSONEncodingExtension.swift in Sources */,
				E81171921DE5EFB7003D3DF5 /* UIViewControllerExtension.swift in Sources */,
				9B3AA3991ED35007005A4D26 /* SignInViewController.swift in Sources */,
				E8FBB1BF1DD21A32000D6740 /* Session.swift in Sources */,
				8151D79822C2782B00F7C7DF /* UIColorExtension.swift in Sources */,
				0A6990351F9F82A300F4BAC7 /* UIApplicationExtension.swift in Sources */,
				8179D4D422B81FC100CAD8F4 /* ModalViewController.swift in Sources */,
				81110A2C22CA951700582F02 /* Topic.swift in Sources */,
				9B77E0731E2FB6350020E450 /* User.swift in Sources */,
				FA54D5881E11C59600F0DBEA /* FirstViewController.swift in Sources */,
				8151D79422C173CE00F7C7DF /* TargetAnnotationView.swift in Sources */,
				FABDC9221EE1EB2B000DDAC3 /* ConfigurationManager.swift in Sources */,
				811A4D1A22DE69C00025156F /* ChatListViewModel.swift in Sources */,
				816A972422CE46FF001F92DA /* UIImageViewExtension.swift in Sources */,
				8151D79C22C3AA2400F7C7DF /* TargetFormViewController.swift in Sources */,
				9B8574D7212C81950063A3E2 /* SignUpViewModel.swift in Sources */,
				9B0C72761C738D3400BAF3B1 /* UserAPI.swift in Sources */,
				8158078222DF74BB009F07A4 /* MatchListItem.swift in Sources */,
				81EF2F4A22B177C1006254E7 /* TargetAPI.swift in Sources */,
				816A972222CE3E04001F92DA /* MatchNotificationViewModel.swift in Sources */,
				81110A3022CAA1EB00582F02 /* TopicAPI.swift in Sources */,
				9BE3669D1F101737007CAECD /* MultipartMedia.swift in Sources */,
				81EF2F4822B14BCD006254E7 /* UITextFieldPadding.swift in Sources */,
				9B8574D9212C84130063A3E2 /* UIImageExtension.swift in Sources */,
				9B3AA39B1ED35013005A4D26 /* SignUpViewController.swift in Sources */,
				81110A3922CBD53C00582F02 /* TopicsCollectionViewCell.swift in Sources */,
				9B0C72711C738D3400BAF3B1 /* AppDelegate.swift in Sources */,
				816A974022D6506F001F92DA /* ProfileViewController.swift in Sources */,
				E8FBB1C11DD21D18000D6740 /* SessionManager.swift in Sources */,
				9B77E0791E2FCF710020E450 /* Media.swift in Sources */,
				815B4B9822DE64F70052B149 /* ChatListViewController.swift in Sources */,
				81110A3222CAA9D800582F02 /* TopicsViewController.swift in Sources */,
				9BE3669F1F10175E007CAECD /* Base64Media.swift in Sources */,
				9BAFB7C32114E3CD0099DC61 /* SignInViewModel.swift in Sources */,
				9B88CC671CAB305900AE60C5 /* Constants.swift in Sources */,
				9BAFB7BF2114D9910099DC61 /* HomeViewModel.swift in Sources */,
				9B715A461E28083600C0C039 /* PlaceholderTextView.swift in Sources */,
				811A4D1C22DF5A990025156F /* MatchConversationsAPI.swift in Sources */,
				8179D4D622B9515F00CAD8F4 /* LocationManager.swift in Sources */,
			);
			runOnlyForDeploymentPostprocessing = 0;
		};
/* End PBXSourcesBuildPhase section */

/* Begin PBXTargetDependency section */
		9B2BF72F1EBB9AB5001638C4 /* PBXTargetDependency */ = {
			isa = PBXTargetDependency;
			target = 9B5AFAD91C7205EB002347D6 /* ios-target */;
			targetProxy = 9B2BF72E1EBB9AB5001638C4 /* PBXContainerItemProxy */;
		};
/* End PBXTargetDependency section */

/* Begin PBXVariantGroup section */
		0ABFB8921FA366D90098F751 /* Main.storyboard */ = {
			isa = PBXVariantGroup;
			children = (
				0ABFB8911FA366D90098F751 /* Base */,
				0ABFB8941FA366EA0098F751 /* en */,
				0ABFB8961FA366EC0098F751 /* es */,
			);
			name = Main.storyboard;
			sourceTree = "<group>";
		};
		9B8D306D20AB456C0050697F /* Localization.strings */ = {
			isa = PBXVariantGroup;
			children = (
				9B8D306C20AB456C0050697F /* en */,
				9B8D306E20AB456D0050697F /* es */,
			);
			name = Localization.strings;
			sourceTree = "<group>";
		};
/* End PBXVariantGroup section */

/* Begin XCBuildConfiguration section */
		9B2BF7301EBB9AB5001638C4 /* Debug */ = {
			isa = XCBuildConfiguration;
			baseConfigurationReference = D1D2682BE0FAA2BD21AA08DD /* Pods-AcceptanceTests.debug.xcconfig */;
			buildSettings = {
				BUNDLE_LOADER = "$(TEST_HOST)";
				CLANG_ANALYZER_NONNULL = YES;
				CLANG_ANALYZER_NUMBER_OBJECT_CONVERSION = YES_AGGRESSIVE;
				CLANG_WARN_DOCUMENTATION_COMMENTS = YES;
				DEVELOPMENT_TEAM = 2R9P8RBGBJ;
				INFOPLIST_FILE = AcceptanceTests/Info.plist;
				IPHONEOS_DEPLOYMENT_TARGET = 10.3;
				LD_RUNPATH_SEARCH_PATHS = "$(inherited) @executable_path/Frameworks @loader_path/Frameworks";
				PRODUCT_BUNDLE_IDENTIFIER = com.example.AcceptanceTests;
				PRODUCT_NAME = "$(TARGET_NAME)";
				SWIFT_ACTIVE_COMPILATION_CONDITIONS = DEBUG;
				SWIFT_OBJC_BRIDGING_HEADER = "${PROJECT_DIR}/AcceptanceTests/AcceptanceTests-Bridging-Header.h";
				SWIFT_VERSION = 4.2;
				TEST_HOST = "$(BUILT_PRODUCTS_DIR)/ios-target-Debug.app/ios-target-Debug";
				USER_HEADER_SEARCH_PATHS = "";
			};
			name = Debug;
		};
		9B2BF7311EBB9AB5001638C4 /* Staging */ = {
			isa = XCBuildConfiguration;
			baseConfigurationReference = 3DBAD6B12995F8B16995DDCF /* Pods-AcceptanceTests.staging.xcconfig */;
			buildSettings = {
				BUNDLE_LOADER = "$(TEST_HOST)";
				CLANG_ANALYZER_NONNULL = YES;
				CLANG_ANALYZER_NUMBER_OBJECT_CONVERSION = YES_AGGRESSIVE;
				CLANG_WARN_DOCUMENTATION_COMMENTS = YES;
				DEVELOPMENT_TEAM = 2R9P8RBGBJ;
				INFOPLIST_FILE = AcceptanceTests/Info.plist;
				IPHONEOS_DEPLOYMENT_TARGET = 10.3;
				LD_RUNPATH_SEARCH_PATHS = "$(inherited) @executable_path/Frameworks @loader_path/Frameworks";
				PRODUCT_BUNDLE_IDENTIFIER = com.example.AcceptanceTests;
				PRODUCT_NAME = "$(TARGET_NAME)";
				SWIFT_OBJC_BRIDGING_HEADER = "${PROJECT_DIR}/AcceptanceTests/AcceptanceTests-Bridging-Header.h";
				SWIFT_VERSION = 4.2;
				TEST_HOST = "$(BUILT_PRODUCTS_DIR)/ios-target-Debug.app/ios-target-Debug";
				USER_HEADER_SEARCH_PATHS = "";
			};
			name = Staging;
		};
		9B2BF7321EBB9AB5001638C4 /* Release */ = {
			isa = XCBuildConfiguration;
			baseConfigurationReference = 5BE0158A80D21C99EB6BAEBB /* Pods-AcceptanceTests.release.xcconfig */;
			buildSettings = {
				BUNDLE_LOADER = "$(TEST_HOST)";
				CLANG_ANALYZER_NONNULL = YES;
				CLANG_ANALYZER_NUMBER_OBJECT_CONVERSION = YES_AGGRESSIVE;
				CLANG_WARN_DOCUMENTATION_COMMENTS = YES;
				DEVELOPMENT_TEAM = 2R9P8RBGBJ;
				INFOPLIST_FILE = AcceptanceTests/Info.plist;
				IPHONEOS_DEPLOYMENT_TARGET = 10.3;
				LD_RUNPATH_SEARCH_PATHS = "$(inherited) @executable_path/Frameworks @loader_path/Frameworks";
				PRODUCT_BUNDLE_IDENTIFIER = com.example.AcceptanceTests;
				PRODUCT_NAME = "$(TARGET_NAME)";
				SWIFT_OBJC_BRIDGING_HEADER = "${PROJECT_DIR}/AcceptanceTests/AcceptanceTests-Bridging-Header.h";
				SWIFT_VERSION = 4.2;
				TEST_HOST = "$(BUILT_PRODUCTS_DIR)/ios-target-Debug.app/ios-target-Debug";
				USER_HEADER_SEARCH_PATHS = "";
			};
			name = Release;
		};
		9B5AFAEA1C7205EC002347D6 /* Debug */ = {
			isa = XCBuildConfiguration;
			buildSettings = {
				ALWAYS_SEARCH_USER_PATHS = NO;
				CLANG_ANALYZER_LOCALIZABILITY_NONLOCALIZED = YES;
				CLANG_CXX_LANGUAGE_STANDARD = "gnu++0x";
				CLANG_CXX_LIBRARY = "libc++";
				CLANG_ENABLE_MODULES = YES;
				CLANG_ENABLE_OBJC_ARC = YES;
				CLANG_WARN_BLOCK_CAPTURE_AUTORELEASING = YES;
				CLANG_WARN_BOOL_CONVERSION = YES;
				CLANG_WARN_COMMA = YES;
				CLANG_WARN_CONSTANT_CONVERSION = YES;
				CLANG_WARN_DEPRECATED_OBJC_IMPLEMENTATIONS = YES;
				CLANG_WARN_DIRECT_OBJC_ISA_USAGE = YES_ERROR;
				CLANG_WARN_EMPTY_BODY = YES;
				CLANG_WARN_ENUM_CONVERSION = YES;
				CLANG_WARN_INFINITE_RECURSION = YES;
				CLANG_WARN_INT_CONVERSION = YES;
				CLANG_WARN_NON_LITERAL_NULL_CONVERSION = YES;
				CLANG_WARN_OBJC_IMPLICIT_RETAIN_SELF = YES;
				CLANG_WARN_OBJC_LITERAL_CONVERSION = YES;
				CLANG_WARN_OBJC_ROOT_CLASS = YES_ERROR;
				CLANG_WARN_RANGE_LOOP_ANALYSIS = YES;
				CLANG_WARN_STRICT_PROTOTYPES = YES;
				CLANG_WARN_SUSPICIOUS_MOVE = YES;
				CLANG_WARN_UNREACHABLE_CODE = YES;
				CLANG_WARN__DUPLICATE_METHOD_MATCH = YES;
				"CODE_SIGN_IDENTITY[sdk=iphoneos*]" = "iPhone Developer";
				COPY_PHASE_STRIP = NO;
				DEBUG_INFORMATION_FORMAT = dwarf;
				ENABLE_STRICT_OBJC_MSGSEND = YES;
				ENABLE_TESTABILITY = YES;
				GCC_C_LANGUAGE_STANDARD = gnu99;
				GCC_DYNAMIC_NO_PIC = NO;
				GCC_NO_COMMON_BLOCKS = YES;
				GCC_OPTIMIZATION_LEVEL = 0;
				GCC_PREPROCESSOR_DEFINITIONS = (
					"DEBUG=1",
					"$(inherited)",
				);
				GCC_WARN_64_TO_32_BIT_CONVERSION = YES;
				GCC_WARN_ABOUT_RETURN_TYPE = YES_ERROR;
				GCC_WARN_UNDECLARED_SELECTOR = YES;
				GCC_WARN_UNINITIALIZED_AUTOS = YES_AGGRESSIVE;
				GCC_WARN_UNUSED_FUNCTION = YES;
				GCC_WARN_UNUSED_VARIABLE = YES;
				INFOPLIST_PREPROCESS = NO;
				IPHONEOS_DEPLOYMENT_TARGET = 9.2;
				MTL_ENABLE_DEBUG_INFO = YES;
				ONLY_ACTIVE_ARCH = YES;
				SDKROOT = iphoneos;
				SWIFT_OPTIMIZATION_LEVEL = "-Onone";
				SWIFT_VERSION = 4.2;
			};
			name = Debug;
		};
		9B5AFAEB1C7205EC002347D6 /* Release */ = {
			isa = XCBuildConfiguration;
			buildSettings = {
				ALWAYS_SEARCH_USER_PATHS = NO;
				CLANG_ANALYZER_LOCALIZABILITY_NONLOCALIZED = YES;
				CLANG_CXX_LANGUAGE_STANDARD = "gnu++0x";
				CLANG_CXX_LIBRARY = "libc++";
				CLANG_ENABLE_MODULES = YES;
				CLANG_ENABLE_OBJC_ARC = YES;
				CLANG_WARN_BLOCK_CAPTURE_AUTORELEASING = YES;
				CLANG_WARN_BOOL_CONVERSION = YES;
				CLANG_WARN_COMMA = YES;
				CLANG_WARN_CONSTANT_CONVERSION = YES;
				CLANG_WARN_DEPRECATED_OBJC_IMPLEMENTATIONS = YES;
				CLANG_WARN_DIRECT_OBJC_ISA_USAGE = YES_ERROR;
				CLANG_WARN_EMPTY_BODY = YES;
				CLANG_WARN_ENUM_CONVERSION = YES;
				CLANG_WARN_INFINITE_RECURSION = YES;
				CLANG_WARN_INT_CONVERSION = YES;
				CLANG_WARN_NON_LITERAL_NULL_CONVERSION = YES;
				CLANG_WARN_OBJC_IMPLICIT_RETAIN_SELF = YES;
				CLANG_WARN_OBJC_LITERAL_CONVERSION = YES;
				CLANG_WARN_OBJC_ROOT_CLASS = YES_ERROR;
				CLANG_WARN_RANGE_LOOP_ANALYSIS = YES;
				CLANG_WARN_STRICT_PROTOTYPES = YES;
				CLANG_WARN_SUSPICIOUS_MOVE = YES;
				CLANG_WARN_UNREACHABLE_CODE = YES;
				CLANG_WARN__DUPLICATE_METHOD_MATCH = YES;
				"CODE_SIGN_IDENTITY[sdk=iphoneos*]" = "iPhone Developer";
				COPY_PHASE_STRIP = NO;
				DEBUG_INFORMATION_FORMAT = "dwarf-with-dsym";
				ENABLE_NS_ASSERTIONS = NO;
				ENABLE_STRICT_OBJC_MSGSEND = YES;
				GCC_C_LANGUAGE_STANDARD = gnu99;
				GCC_NO_COMMON_BLOCKS = YES;
				GCC_WARN_64_TO_32_BIT_CONVERSION = YES;
				GCC_WARN_ABOUT_RETURN_TYPE = YES_ERROR;
				GCC_WARN_UNDECLARED_SELECTOR = YES;
				GCC_WARN_UNINITIALIZED_AUTOS = YES_AGGRESSIVE;
				GCC_WARN_UNUSED_FUNCTION = YES;
				GCC_WARN_UNUSED_VARIABLE = YES;
				INFOPLIST_PREPROCESS = NO;
				IPHONEOS_DEPLOYMENT_TARGET = 9.2;
				MTL_ENABLE_DEBUG_INFO = NO;
				SDKROOT = iphoneos;
				SWIFT_OPTIMIZATION_LEVEL = "-Owholemodule";
				SWIFT_VERSION = 4.2;
				VALIDATE_PRODUCT = YES;
			};
			name = Release;
		};
		9B5AFAED1C7205EC002347D6 /* Debug */ = {
			isa = XCBuildConfiguration;
			baseConfigurationReference = AC791D00DD4DDC038825A6EE /* Pods-ios-target.debug.xcconfig */;
			buildSettings = {
				ALWAYS_EMBED_SWIFT_STANDARD_LIBRARIES = "$(inherited)";
				ASSETCATALOG_COMPILER_APPICON_NAME = AppIcon;
				BASE_URL = "https://target-mvd-api.herokuapp.com/api/v1";
				BUNDLE_DOMAIN = com.rootstrap;
				CLANG_ENABLE_MODULES = YES;
				"CODE_SIGN_IDENTITY[sdk=iphoneos*]" = "iPhone Developer";
				CODE_SIGN_STYLE = Automatic;
				DEVELOPMENT_TEAM = WNU857N39T;
				FRAMEWORK_SEARCH_PATHS = "$(inherited)";
				INFOPLIST_FILE = "${PROJECT_BASE_NAME}/Info.plist";
				LD_RUNPATH_SEARCH_PATHS = "$(inherited) @executable_path/Frameworks";
				PRODUCT_BUNDLE_IDENTIFIER = "${BUNDLE_DOMAIN}.${PROJECT_BASE_NAME}-${CONFIGURATION}";
				PRODUCT_NAME = "${PROJECT_BASE_NAME}-${CONFIGURATION}";
				PROJECT_BASE_NAME = "ios-target";
				PROVISIONING_PROFILE = "";
				PROVISIONING_PROFILE_SPECIFIER = "";
				SWIFT_OBJC_BRIDGING_HEADER = "";
				SWIFT_OPTIMIZATION_LEVEL = "-Onone";
				SWIFT_VERSION = 4.2;
			};
			name = Debug;
		};
		9B5AFAEE1C7205EC002347D6 /* Release */ = {
			isa = XCBuildConfiguration;
			baseConfigurationReference = 82F71F7C7374D2016EF4EE08 /* Pods-ios-target.release.xcconfig */;
			buildSettings = {
				ALWAYS_EMBED_SWIFT_STANDARD_LIBRARIES = "$(inherited)";
				ASSETCATALOG_COMPILER_APPICON_NAME = AppIcon;
				BASE_URL = "https://target-mvd-api.herokuapp.com/api/v1";
				BUNDLE_DOMAIN = com.rootstrap;
				CLANG_ENABLE_MODULES = YES;
				"CODE_SIGN_IDENTITY[sdk=iphoneos*]" = "iPhone Developer";
				CODE_SIGN_STYLE = Automatic;
				DEVELOPMENT_TEAM = WNU857N39T;
				FRAMEWORK_SEARCH_PATHS = "$(inherited)";
				INFOPLIST_FILE = "${PROJECT_BASE_NAME}/Info.plist";
				LD_RUNPATH_SEARCH_PATHS = "$(inherited) @executable_path/Frameworks";
				PRODUCT_BUNDLE_IDENTIFIER = "${BUNDLE_DOMAIN}.${PROJECT_BASE_NAME}";
				PRODUCT_NAME = "${PROJECT_BASE_NAME}";
				PROJECT_BASE_NAME = "ios-target";
				PROVISIONING_PROFILE = "";
				PROVISIONING_PROFILE_SPECIFIER = "";
				SWIFT_OBJC_BRIDGING_HEADER = "";
				SWIFT_VERSION = 4.2;
			};
			name = Release;
		};
		9BEE614B1C736054002E43B2 /* Staging */ = {
			isa = XCBuildConfiguration;
			buildSettings = {
				ALWAYS_SEARCH_USER_PATHS = NO;
				CLANG_ANALYZER_LOCALIZABILITY_NONLOCALIZED = YES;
				CLANG_CXX_LANGUAGE_STANDARD = "gnu++0x";
				CLANG_CXX_LIBRARY = "libc++";
				CLANG_ENABLE_MODULES = YES;
				CLANG_ENABLE_OBJC_ARC = YES;
				CLANG_WARN_BLOCK_CAPTURE_AUTORELEASING = YES;
				CLANG_WARN_BOOL_CONVERSION = YES;
				CLANG_WARN_COMMA = YES;
				CLANG_WARN_CONSTANT_CONVERSION = YES;
				CLANG_WARN_DEPRECATED_OBJC_IMPLEMENTATIONS = YES;
				CLANG_WARN_DIRECT_OBJC_ISA_USAGE = YES_ERROR;
				CLANG_WARN_EMPTY_BODY = YES;
				CLANG_WARN_ENUM_CONVERSION = YES;
				CLANG_WARN_INFINITE_RECURSION = YES;
				CLANG_WARN_INT_CONVERSION = YES;
				CLANG_WARN_NON_LITERAL_NULL_CONVERSION = YES;
				CLANG_WARN_OBJC_IMPLICIT_RETAIN_SELF = YES;
				CLANG_WARN_OBJC_LITERAL_CONVERSION = YES;
				CLANG_WARN_OBJC_ROOT_CLASS = YES_ERROR;
				CLANG_WARN_RANGE_LOOP_ANALYSIS = YES;
				CLANG_WARN_STRICT_PROTOTYPES = YES;
				CLANG_WARN_SUSPICIOUS_MOVE = YES;
				CLANG_WARN_UNREACHABLE_CODE = YES;
				CLANG_WARN__DUPLICATE_METHOD_MATCH = YES;
				"CODE_SIGN_IDENTITY[sdk=iphoneos*]" = "iPhone Developer";
				COPY_PHASE_STRIP = NO;
				DEBUG_INFORMATION_FORMAT = dwarf;
				ENABLE_STRICT_OBJC_MSGSEND = YES;
				ENABLE_TESTABILITY = YES;
				GCC_C_LANGUAGE_STANDARD = gnu99;
				GCC_DYNAMIC_NO_PIC = NO;
				GCC_NO_COMMON_BLOCKS = YES;
				GCC_OPTIMIZATION_LEVEL = 0;
				GCC_PREPROCESSOR_DEFINITIONS = (
					"DEBUG=1",
					"$(inherited)",
				);
				GCC_WARN_64_TO_32_BIT_CONVERSION = YES;
				GCC_WARN_ABOUT_RETURN_TYPE = YES_ERROR;
				GCC_WARN_UNDECLARED_SELECTOR = YES;
				GCC_WARN_UNINITIALIZED_AUTOS = YES_AGGRESSIVE;
				GCC_WARN_UNUSED_FUNCTION = YES;
				GCC_WARN_UNUSED_VARIABLE = YES;
				INFOPLIST_PREPROCESS = NO;
				IPHONEOS_DEPLOYMENT_TARGET = 9.2;
				MTL_ENABLE_DEBUG_INFO = YES;
				ONLY_ACTIVE_ARCH = YES;
				SDKROOT = iphoneos;
				SWIFT_OPTIMIZATION_LEVEL = "-Onone";
				SWIFT_VERSION = 4.2;
			};
			name = Staging;
		};
		9BEE614C1C736054002E43B2 /* Staging */ = {
			isa = XCBuildConfiguration;
			baseConfigurationReference = AE36723D4614A2BEC4C61C8F /* Pods-ios-target.staging.xcconfig */;
			buildSettings = {
				ALWAYS_EMBED_SWIFT_STANDARD_LIBRARIES = "$(inherited)";
				ASSETCATALOG_COMPILER_APPICON_NAME = AppIcon;
				BASE_URL = "https://target-mvd-api.herokuapp.com/api/v1";
				BUNDLE_DOMAIN = com.rootstrap;
				CLANG_ENABLE_MODULES = YES;
				"CODE_SIGN_IDENTITY[sdk=iphoneos*]" = "iPhone Developer";
				CODE_SIGN_STYLE = Automatic;
				DEVELOPMENT_TEAM = WNU857N39T;
				FRAMEWORK_SEARCH_PATHS = "$(inherited)";
				INFOPLIST_FILE = "${PROJECT_BASE_NAME}/Info.plist";
				LD_RUNPATH_SEARCH_PATHS = "$(inherited) @executable_path/Frameworks";
				PRODUCT_BUNDLE_IDENTIFIER = "${BUNDLE_DOMAIN}.${PROJECT_BASE_NAME}-${CONFIGURATION}";
				PRODUCT_NAME = "${PROJECT_BASE_NAME}-${CONFIGURATION}";
				PROJECT_BASE_NAME = "ios-target";
				PROVISIONING_PROFILE = "";
				PROVISIONING_PROFILE_SPECIFIER = "";
				SWIFT_OBJC_BRIDGING_HEADER = "";
				SWIFT_OPTIMIZATION_LEVEL = "-Onone";
				SWIFT_VERSION = 4.2;
			};
			name = Staging;
		};
/* End XCBuildConfiguration section */

/* Begin XCConfigurationList section */
		9B2BF7331EBB9AB5001638C4 /* Build configuration list for PBXNativeTarget "AcceptanceTests" */ = {
			isa = XCConfigurationList;
			buildConfigurations = (
				9B2BF7301EBB9AB5001638C4 /* Debug */,
				9B2BF7311EBB9AB5001638C4 /* Staging */,
				9B2BF7321EBB9AB5001638C4 /* Release */,
			);
			defaultConfigurationIsVisible = 0;
			defaultConfigurationName = Release;
		};
		9B5AFAD51C7205EB002347D6 /* Build configuration list for PBXProject "ios-target" */ = {
			isa = XCConfigurationList;
			buildConfigurations = (
				9B5AFAEA1C7205EC002347D6 /* Debug */,
				9BEE614B1C736054002E43B2 /* Staging */,
				9B5AFAEB1C7205EC002347D6 /* Release */,
			);
			defaultConfigurationIsVisible = 0;
			defaultConfigurationName = Release;
		};
		9B5AFAEC1C7205EC002347D6 /* Build configuration list for PBXNativeTarget "ios-target" */ = {
			isa = XCConfigurationList;
			buildConfigurations = (
				9B5AFAED1C7205EC002347D6 /* Debug */,
				9BEE614C1C736054002E43B2 /* Staging */,
				9B5AFAEE1C7205EC002347D6 /* Release */,
			);
			defaultConfigurationIsVisible = 0;
			defaultConfigurationName = Release;
		};
/* End XCConfigurationList section */
	};
	rootObject = 9B5AFAD21C7205EB002347D6 /* Project object */;
}
